// !$*UTF8*$!
{
	archiveVersion = 1;
	classes = {
	};
	objectVersion = 50;
	objects = {

/* Begin PBXBuildFile section */
		17EA8F0D2630502B00DB0BE3 /* AppDelegate.swift in Sources */ = {isa = PBXBuildFile; fileRef = 17EA8F0C2630502B00DB0BE3 /* AppDelegate.swift */; };
		17EA8F0F2630502B00DB0BE3 /* SceneDelegate.swift in Sources */ = {isa = PBXBuildFile; fileRef = 17EA8F0E2630502B00DB0BE3 /* SceneDelegate.swift */; };
		17EA8F112630502B00DB0BE3 /* ViewController.swift in Sources */ = {isa = PBXBuildFile; fileRef = 17EA8F102630502B00DB0BE3 /* ViewController.swift */; };
		17EA8F142630502B00DB0BE3 /* Main.storyboard in Resources */ = {isa = PBXBuildFile; fileRef = 17EA8F122630502B00DB0BE3 /* Main.storyboard */; };
		17EA8F162630502D00DB0BE3 /* Assets.xcassets in Resources */ = {isa = PBXBuildFile; fileRef = 17EA8F152630502D00DB0BE3 /* Assets.xcassets */; };
		17EA8F192630502D00DB0BE3 /* LaunchScreen.storyboard in Resources */ = {isa = PBXBuildFile; fileRef = 17EA8F172630502D00DB0BE3 /* LaunchScreen.storyboard */; };
		17EA8F282630504E00DB0BE3 /* WidgetKit.framework in Frameworks */ = {isa = PBXBuildFile; fileRef = 17EA8F272630504E00DB0BE3 /* WidgetKit.framework */; };
		17EA8F2A2630504E00DB0BE3 /* SwiftUI.framework in Frameworks */ = {isa = PBXBuildFile; fileRef = 17EA8F292630504E00DB0BE3 /* SwiftUI.framework */; };
		17EA8F2D2630504E00DB0BE3 /* Widget.swift in Sources */ = {isa = PBXBuildFile; fileRef = 17EA8F2C2630504E00DB0BE3 /* Widget.swift */; };
		17EA8F2F2630504F00DB0BE3 /* Assets.xcassets in Resources */ = {isa = PBXBuildFile; fileRef = 17EA8F2E2630504F00DB0BE3 /* Assets.xcassets */; };
		17EA8F332630504F00DB0BE3 /* WidgetExtension.appex in Embed App Extensions */ = {isa = PBXBuildFile; fileRef = 17EA8F252630504E00DB0BE3 /* WidgetExtension.appex */; settings = {ATTRIBUTES = (RemoveHeadersOnCopy, ); }; };
/* End PBXBuildFile section */

/* Begin PBXContainerItemProxy section */
		17EA8F312630504F00DB0BE3 /* PBXContainerItemProxy */ = {
			isa = PBXContainerItemProxy;
			containerPortal = 17EA8F012630502B00DB0BE3 /* Project object */;
			proxyType = 1;
			remoteGlobalIDString = 17EA8F242630504E00DB0BE3;
			remoteInfo = WidgetExtension;
		};
/* End PBXContainerItemProxy section */

/* Begin PBXCopyFilesBuildPhase section */
		17EA8F372630504F00DB0BE3 /* Embed App Extensions */ = {
			isa = PBXCopyFilesBuildPhase;
			buildActionMask = 2147483647;
			dstPath = "";
			dstSubfolderSpec = 13;
			files = (
				17EA8F332630504F00DB0BE3 /* WidgetExtension.appex in Embed App Extensions */,
			);
			name = "Embed App Extensions";
			runOnlyForDeploymentPostprocessing = 0;
		};
/* End PBXCopyFilesBuildPhase section */

/* Begin PBXFileReference section */
		17EA8F092630502B00DB0BE3 /* SampleWidget.app */ = {isa = PBXFileReference; explicitFileType = wrapper.application; includeInIndex = 0; path = SampleWidget.app; sourceTree = BUILT_PRODUCTS_DIR; };
		17EA8F0C2630502B00DB0BE3 /* AppDelegate.swift */ = {isa = PBXFileReference; lastKnownFileType = sourcecode.swift; path = AppDelegate.swift; sourceTree = "<group>"; };
		17EA8F0E2630502B00DB0BE3 /* SceneDelegate.swift */ = {isa = PBXFileReference; lastKnownFileType = sourcecode.swift; path = SceneDelegate.swift; sourceTree = "<group>"; };
		17EA8F102630502B00DB0BE3 /* ViewController.swift */ = {isa = PBXFileReference; lastKnownFileType = sourcecode.swift; path = ViewController.swift; sourceTree = "<group>"; };
		17EA8F132630502B00DB0BE3 /* Base */ = {isa = PBXFileReference; lastKnownFileType = file.storyboard; name = Base; path = Base.lproj/Main.storyboard; sourceTree = "<group>"; };
		17EA8F152630502D00DB0BE3 /* Assets.xcassets */ = {isa = PBXFileReference; lastKnownFileType = folder.assetcatalog; path = Assets.xcassets; sourceTree = "<group>"; };
		17EA8F182630502D00DB0BE3 /* Base */ = {isa = PBXFileReference; lastKnownFileType = file.storyboard; name = Base; path = Base.lproj/LaunchScreen.storyboard; sourceTree = "<group>"; };
		17EA8F1A2630502D00DB0BE3 /* Info.plist */ = {isa = PBXFileReference; lastKnownFileType = text.plist.xml; path = Info.plist; sourceTree = "<group>"; };
		17EA8F252630504E00DB0BE3 /* WidgetExtension.appex */ = {isa = PBXFileReference; explicitFileType = "wrapper.app-extension"; includeInIndex = 0; path = WidgetExtension.appex; sourceTree = BUILT_PRODUCTS_DIR; };
		17EA8F272630504E00DB0BE3 /* WidgetKit.framework */ = {isa = PBXFileReference; lastKnownFileType = wrapper.framework; name = WidgetKit.framework; path = System/Library/Frameworks/WidgetKit.framework; sourceTree = SDKROOT; };
		17EA8F292630504E00DB0BE3 /* SwiftUI.framework */ = {isa = PBXFileReference; lastKnownFileType = wrapper.framework; name = SwiftUI.framework; path = System/Library/Frameworks/SwiftUI.framework; sourceTree = SDKROOT; };
		17EA8F2C2630504E00DB0BE3 /* Widget.swift */ = {isa = PBXFileReference; lastKnownFileType = sourcecode.swift; path = Widget.swift; sourceTree = "<group>"; };
		17EA8F2E2630504F00DB0BE3 /* Assets.xcassets */ = {isa = PBXFileReference; lastKnownFileType = folder.assetcatalog; path = Assets.xcassets; sourceTree = "<group>"; };
		17EA8F302630504F00DB0BE3 /* Info.plist */ = {isa = PBXFileReference; lastKnownFileType = text.plist.xml; path = Info.plist; sourceTree = "<group>"; };
/* End PBXFileReference section */

/* Begin PBXFrameworksBuildPhase section */
		17EA8F062630502B00DB0BE3 /* Frameworks */ = {
			isa = PBXFrameworksBuildPhase;
			buildActionMask = 2147483647;
			files = (
			);
			runOnlyForDeploymentPostprocessing = 0;
		};
		17EA8F222630504E00DB0BE3 /* Frameworks */ = {
			isa = PBXFrameworksBuildPhase;
			buildActionMask = 2147483647;
			files = (
				17EA8F2A2630504E00DB0BE3 /* SwiftUI.framework in Frameworks */,
				17EA8F282630504E00DB0BE3 /* WidgetKit.framework in Frameworks */,
			);
			runOnlyForDeploymentPostprocessing = 0;
		};
/* End PBXFrameworksBuildPhase section */

/* Begin PBXGroup section */
		17EA8F002630502B00DB0BE3 = {
			isa = PBXGroup;
			children = (
				17EA8F0B2630502B00DB0BE3 /* SampleWidget */,
				17EA8F2B2630504E00DB0BE3 /* Widget */,
				17EA8F262630504E00DB0BE3 /* Frameworks */,
				17EA8F0A2630502B00DB0BE3 /* Products */,
			);
			sourceTree = "<group>";
		};
		17EA8F0A2630502B00DB0BE3 /* Products */ = {
			isa = PBXGroup;
			children = (
				17EA8F092630502B00DB0BE3 /* SampleWidget.app */,
				17EA8F252630504E00DB0BE3 /* WidgetExtension.appex */,
			);
			name = Products;
			sourceTree = "<group>";
		};
		17EA8F0B2630502B00DB0BE3 /* SampleWidget */ = {
			isa = PBXGroup;
			children = (
				17EA8F0C2630502B00DB0BE3 /* AppDelegate.swift */,
				17EA8F0E2630502B00DB0BE3 /* SceneDelegate.swift */,
				17EA8F102630502B00DB0BE3 /* ViewController.swift */,
				17EA8F122630502B00DB0BE3 /* Main.storyboard */,
				17EA8F152630502D00DB0BE3 /* Assets.xcassets */,
				17EA8F172630502D00DB0BE3 /* LaunchScreen.storyboard */,
				17EA8F1A2630502D00DB0BE3 /* Info.plist */,
			);
			path = SampleWidget;
			sourceTree = "<group>";
		};
		17EA8F262630504E00DB0BE3 /* Frameworks */ = {
			isa = PBXGroup;
			children = (
				17EA8F272630504E00DB0BE3 /* WidgetKit.framework */,
				17EA8F292630504E00DB0BE3 /* SwiftUI.framework */,
			);
			name = Frameworks;
			sourceTree = "<group>";
		};
		17EA8F2B2630504E00DB0BE3 /* Widget */ = {
			isa = PBXGroup;
			children = (
				17EA8F2C2630504E00DB0BE3 /* Widget.swift */,
				17EA8F2E2630504F00DB0BE3 /* Assets.xcassets */,
				17EA8F302630504F00DB0BE3 /* Info.plist */,
			);
			path = Widget;
			sourceTree = "<group>";
		};
/* End PBXGroup section */

/* Begin PBXNativeTarget section */
		17EA8F082630502B00DB0BE3 /* SampleWidget */ = {
			isa = PBXNativeTarget;
			buildConfigurationList = 17EA8F1D2630502D00DB0BE3 /* Build configuration list for PBXNativeTarget "SampleWidget" */;
			buildPhases = (
				17EA8F052630502B00DB0BE3 /* Sources */,
				17EA8F062630502B00DB0BE3 /* Frameworks */,
				17EA8F072630502B00DB0BE3 /* Resources */,
				17EA8F372630504F00DB0BE3 /* Embed App Extensions */,
			);
			buildRules = (
			);
			dependencies = (
				17EA8F322630504F00DB0BE3 /* PBXTargetDependency */,
			);
			name = SampleWidget;
			productName = SampleWidget;
			productReference = 17EA8F092630502B00DB0BE3 /* SampleWidget.app */;
			productType = "com.apple.product-type.application";
		};
		17EA8F242630504E00DB0BE3 /* WidgetExtension */ = {
			isa = PBXNativeTarget;
			buildConfigurationList = 17EA8F342630504F00DB0BE3 /* Build configuration list for PBXNativeTarget "WidgetExtension" */;
			buildPhases = (
				17EA8F212630504E00DB0BE3 /* Sources */,
				17EA8F222630504E00DB0BE3 /* Frameworks */,
				17EA8F232630504E00DB0BE3 /* Resources */,
			);
			buildRules = (
			);
			dependencies = (
			);
			name = WidgetExtension;
			productName = WidgetExtension;
			productReference = 17EA8F252630504E00DB0BE3 /* WidgetExtension.appex */;
			productType = "com.apple.product-type.app-extension";
		};
/* End PBXNativeTarget section */

/* Begin PBXProject section */
		17EA8F012630502B00DB0BE3 /* Project object */ = {
			isa = PBXProject;
			attributes = {
				LastSwiftUpdateCheck = 1240;
				LastUpgradeCheck = 1240;
				TargetAttributes = {
					17EA8F082630502B00DB0BE3 = {
						CreatedOnToolsVersion = 12.4;
					};
					17EA8F242630504E00DB0BE3 = {
						CreatedOnToolsVersion = 12.4;
					};
				};
			};
			buildConfigurationList = 17EA8F042630502B00DB0BE3 /* Build configuration list for PBXProject "SampleWidget" */;
			compatibilityVersion = "Xcode 9.3";
			developmentRegion = en;
			hasScannedForEncodings = 0;
			knownRegions = (
				en,
				Base,
			);
			mainGroup = 17EA8F002630502B00DB0BE3;
			productRefGroup = 17EA8F0A2630502B00DB0BE3 /* Products */;
			projectDirPath = "";
			projectRoot = "";
			targets = (
				17EA8F082630502B00DB0BE3 /* SampleWidget */,
				17EA8F242630504E00DB0BE3 /* WidgetExtension */,
			);
		};
/* End PBXProject section */

/* Begin PBXResourcesBuildPhase section */
		17EA8F072630502B00DB0BE3 /* Resources */ = {
			isa = PBXResourcesBuildPhase;
			buildActionMask = 2147483647;
			files = (
				17EA8F192630502D00DB0BE3 /* LaunchScreen.storyboard in Resources */,
				17EA8F162630502D00DB0BE3 /* Assets.xcassets in Resources */,
				17EA8F142630502B00DB0BE3 /* Main.storyboard in Resources */,
			);
			runOnlyForDeploymentPostprocessing = 0;
		};
		17EA8F232630504E00DB0BE3 /* Resources */ = {
			isa = PBXResourcesBuildPhase;
			buildActionMask = 2147483647;
			files = (
				17EA8F2F2630504F00DB0BE3 /* Assets.xcassets in Resources */,
			);
			runOnlyForDeploymentPostprocessing = 0;
		};
/* End PBXResourcesBuildPhase section */

/* Begin PBXSourcesBuildPhase section */
		17EA8F052630502B00DB0BE3 /* Sources */ = {
			isa = PBXSourcesBuildPhase;
			buildActionMask = 2147483647;
			files = (
				17EA8F112630502B00DB0BE3 /* ViewController.swift in Sources */,
				17EA8F0D2630502B00DB0BE3 /* AppDelegate.swift in Sources */,
				17EA8F0F2630502B00DB0BE3 /* SceneDelegate.swift in Sources */,
			);
			runOnlyForDeploymentPostprocessing = 0;
		};
		17EA8F212630504E00DB0BE3 /* Sources */ = {
			isa = PBXSourcesBuildPhase;
			buildActionMask = 2147483647;
			files = (
				17EA8F2D2630504E00DB0BE3 /* Widget.swift in Sources */,
			);
			runOnlyForDeploymentPostprocessing = 0;
		};
/* End PBXSourcesBuildPhase section */

/* Begin PBXTargetDependency section */
		17EA8F322630504F00DB0BE3 /* PBXTargetDependency */ = {
			isa = PBXTargetDependency;
			target = 17EA8F242630504E00DB0BE3 /* WidgetExtension */;
			targetProxy = 17EA8F312630504F00DB0BE3 /* PBXContainerItemProxy */;
		};
/* End PBXTargetDependency section */

/* Begin PBXVariantGroup section */
		17EA8F122630502B00DB0BE3 /* Main.storyboard */ = {
			isa = PBXVariantGroup;
			children = (
				17EA8F132630502B00DB0BE3 /* Base */,
			);
			name = Main.storyboard;
			sourceTree = "<group>";
		};
		17EA8F172630502D00DB0BE3 /* LaunchScreen.storyboard */ = {
			isa = PBXVariantGroup;
			children = (
				17EA8F182630502D00DB0BE3 /* Base */,
			);
			name = LaunchScreen.storyboard;
			sourceTree = "<group>";
		};
/* End PBXVariantGroup section */

/* Begin XCBuildConfiguration section */
		17EA8F1B2630502D00DB0BE3 /* Debug */ = {
			isa = XCBuildConfiguration;
			buildSettings = {
				ALWAYS_SEARCH_USER_PATHS = NO;
				CLANG_ANALYZER_NONNULL = YES;
				CLANG_ANALYZER_NUMBER_OBJECT_CONVERSION = YES_AGGRESSIVE;
				CLANG_CXX_LANGUAGE_STANDARD = "gnu++14";
				CLANG_CXX_LIBRARY = "libc++";
				CLANG_ENABLE_MODULES = YES;
				CLANG_ENABLE_OBJC_ARC = YES;
				CLANG_ENABLE_OBJC_WEAK = YES;
				CLANG_WARN_BLOCK_CAPTURE_AUTORELEASING = YES;
				CLANG_WARN_BOOL_CONVERSION = YES;
				CLANG_WARN_COMMA = YES;
				CLANG_WARN_CONSTANT_CONVERSION = YES;
				CLANG_WARN_DEPRECATED_OBJC_IMPLEMENTATIONS = YES;
				CLANG_WARN_DIRECT_OBJC_ISA_USAGE = YES_ERROR;
				CLANG_WARN_DOCUMENTATION_COMMENTS = YES;
				CLANG_WARN_EMPTY_BODY = YES;
				CLANG_WARN_ENUM_CONVERSION = YES;
				CLANG_WARN_INFINITE_RECURSION = YES;
				CLANG_WARN_INT_CONVERSION = YES;
				CLANG_WARN_NON_LITERAL_NULL_CONVERSION = YES;
				CLANG_WARN_OBJC_IMPLICIT_RETAIN_SELF = YES;
				CLANG_WARN_OBJC_LITERAL_CONVERSION = YES;
				CLANG_WARN_OBJC_ROOT_CLASS = YES_ERROR;
				CLANG_WARN_QUOTED_INCLUDE_IN_FRAMEWORK_HEADER = YES;
				CLANG_WARN_RANGE_LOOP_ANALYSIS = YES;
				CLANG_WARN_STRICT_PROTOTYPES = YES;
				CLANG_WARN_SUSPICIOUS_MOVE = YES;
				CLANG_WARN_UNGUARDED_AVAILABILITY = YES_AGGRESSIVE;
				CLANG_WARN_UNREACHABLE_CODE = YES;
				CLANG_WARN__DUPLICATE_METHOD_MATCH = YES;
				COPY_PHASE_STRIP = NO;
				DEBUG_INFORMATION_FORMAT = dwarf;
				ENABLE_STRICT_OBJC_MSGSEND = YES;
				ENABLE_TESTABILITY = YES;
				GCC_C_LANGUAGE_STANDARD = gnu11;
				GCC_DYNAMIC_NO_PIC = NO;
				GCC_NO_COMMON_BLOCKS = YES;
				GCC_OPTIMIZATION_LEVEL = 0;
				GCC_PREPROCESSOR_DEFINITIONS = (
					"DEBUG=1",
					"$(inherited)",
				);
				GCC_WARN_64_TO_32_BIT_CONVERSION = YES;
				GCC_WARN_ABOUT_RETURN_TYPE = YES_ERROR;
				GCC_WARN_UNDECLARED_SELECTOR = YES;
				GCC_WARN_UNINITIALIZED_AUTOS = YES_AGGRESSIVE;
				GCC_WARN_UNUSED_FUNCTION = YES;
				GCC_WARN_UNUSED_VARIABLE = YES;
				IPHONEOS_DEPLOYMENT_TARGET = 14.4;
				MTL_ENABLE_DEBUG_INFO = INCLUDE_SOURCE;
				MTL_FAST_MATH = YES;
				ONLY_ACTIVE_ARCH = YES;
				SDKROOT = iphoneos;
				SWIFT_ACTIVE_COMPILATION_CONDITIONS = DEBUG;
				SWIFT_OPTIMIZATION_LEVEL = "-Onone";
			};
			name = Debug;
		};
		17EA8F1C2630502D00DB0BE3 /* Release */ = {
			isa = XCBuildConfiguration;
			buildSettings = {
				ALWAYS_SEARCH_USER_PATHS = NO;
				CLANG_ANALYZER_NONNULL = YES;
				CLANG_ANALYZER_NUMBER_OBJECT_CONVERSION = YES_AGGRESSIVE;
				CLANG_CXX_LANGUAGE_STANDARD = "gnu++14";
				CLANG_CXX_LIBRARY = "libc++";
				CLANG_ENABLE_MODULES = YES;
				CLANG_ENABLE_OBJC_ARC = YES;
				CLANG_ENABLE_OBJC_WEAK = YES;
				CLANG_WARN_BLOCK_CAPTURE_AUTORELEASING = YES;
				CLANG_WARN_BOOL_CONVERSION = YES;
				CLANG_WARN_COMMA = YES;
				CLANG_WARN_CONSTANT_CONVERSION = YES;
				CLANG_WARN_DEPRECATED_OBJC_IMPLEMENTATIONS = YES;
				CLANG_WARN_DIRECT_OBJC_ISA_USAGE = YES_ERROR;
				CLANG_WARN_DOCUMENTATION_COMMENTS = YES;
				CLANG_WARN_EMPTY_BODY = YES;
				CLANG_WARN_ENUM_CONVERSION = YES;
				CLANG_WARN_INFINITE_RECURSION = YES;
				CLANG_WARN_INT_CONVERSION = YES;
				CLANG_WARN_NON_LITERAL_NULL_CONVERSION = YES;
				CLANG_WARN_OBJC_IMPLICIT_RETAIN_SELF = YES;
				CLANG_WARN_OBJC_LITERAL_CONVERSION = YES;
				CLANG_WARN_OBJC_ROOT_CLASS = YES_ERROR;
				CLANG_WARN_QUOTED_INCLUDE_IN_FRAMEWORK_HEADER = YES;
				CLANG_WARN_RANGE_LOOP_ANALYSIS = YES;
				CLANG_WARN_STRICT_PROTOTYPES = YES;
				CLANG_WARN_SUSPICIOUS_MOVE = YES;
				CLANG_WARN_UNGUARDED_AVAILABILITY = YES_AGGRESSIVE;
				CLANG_WARN_UNREACHABLE_CODE = YES;
				CLANG_WARN__DUPLICATE_METHOD_MATCH = YES;
				COPY_PHASE_STRIP = NO;
				DEBUG_INFORMATION_FORMAT = "dwarf-with-dsym";
				ENABLE_NS_ASSERTIONS = NO;
				ENABLE_STRICT_OBJC_MSGSEND = YES;
				GCC_C_LANGUAGE_STANDARD = gnu11;
				GCC_NO_COMMON_BLOCKS = YES;
				GCC_WARN_64_TO_32_BIT_CONVERSION = YES;
				GCC_WARN_ABOUT_RETURN_TYPE = YES_ERROR;
				GCC_WARN_UNDECLARED_SELECTOR = YES;
				GCC_WARN_UNINITIALIZED_AUTOS = YES_AGGRESSIVE;
				GCC_WARN_UNUSED_FUNCTION = YES;
				GCC_WARN_UNUSED_VARIABLE = YES;
				IPHONEOS_DEPLOYMENT_TARGET = 14.4;
				MTL_ENABLE_DEBUG_INFO = NO;
				MTL_FAST_MATH = YES;
				SDKROOT = iphoneos;
				SWIFT_COMPILATION_MODE = wholemodule;
				SWIFT_OPTIMIZATION_LEVEL = "-O";
				VALIDATE_PRODUCT = YES;
			};
			name = Release;
		};
		17EA8F1E2630502D00DB0BE3 /* Debug */ = {
			isa = XCBuildConfiguration;
			buildSettings = {
				ALWAYS_EMBED_SWIFT_STANDARD_LIBRARIES = YES;
				ASSETCATALOG_COMPILER_APPICON_NAME = AppIcon;
				ASSETCATALOG_COMPILER_GLOBAL_ACCENT_COLOR_NAME = AccentColor;
				CODE_SIGN_STYLE = Automatic;
				DEVELOPMENT_TEAM = ZUBT77449H;
				INFOPLIST_FILE = SampleWidget/Info.plist;
				LD_RUNPATH_SEARCH_PATHS = (
					"$(inherited)",
					"@executable_path/Frameworks",
				);
				PRODUCT_BUNDLE_IDENTIFIER = "t-osawa-009.SampleWidget";
				PRODUCT_NAME = "$(TARGET_NAME)";
				SWIFT_VERSION = 5.0;
				TARGETED_DEVICE_FAMILY = "1,2";
			};
			name = Debug;
		};
		17EA8F1F2630502D00DB0BE3 /* Release */ = {
			isa = XCBuildConfiguration;
			buildSettings = {
				ALWAYS_EMBED_SWIFT_STANDARD_LIBRARIES = YES;
				ASSETCATALOG_COMPILER_APPICON_NAME = AppIcon;
				ASSETCATALOG_COMPILER_GLOBAL_ACCENT_COLOR_NAME = AccentColor;
				CODE_SIGN_STYLE = Automatic;
				DEVELOPMENT_TEAM = ZUBT77449H;
				INFOPLIST_FILE = SampleWidget/Info.plist;
				LD_RUNPATH_SEARCH_PATHS = (
					"$(inherited)",
					"@executable_path/Frameworks",
				);
				PRODUCT_BUNDLE_IDENTIFIER = "t-osawa-009.SampleWidget";
				PRODUCT_NAME = "$(TARGET_NAME)";
				SWIFT_VERSION = 5.0;
				TARGETED_DEVICE_FAMILY = "1,2";
			};
			name = Release;
		};
		17EA8F352630504F00DB0BE3 /* Debug */ = {
			isa = XCBuildConfiguration;
			buildSettings = {
				ASSETCATALOG_COMPILER_GLOBAL_ACCENT_COLOR_NAME = AccentColor;
				ASSETCATALOG_COMPILER_WIDGET_BACKGROUND_COLOR_NAME = WidgetBackground;
				CODE_SIGN_STYLE = Automatic;
				DEVELOPMENT_TEAM = ZUBT77449H;
				INFOPLIST_FILE = Widget/Info.plist;
				LD_RUNPATH_SEARCH_PATHS = (
					"$(inherited)",
					"@executable_path/Frameworks",
					"@executable_path/../../Frameworks",
				);
				PRODUCT_BUNDLE_IDENTIFIER = "t-osawa-009.SampleWidget.Widget";
				PRODUCT_NAME = "$(TARGET_NAME)";
				SKIP_INSTALL = YES;
				SWIFT_VERSION = 5.0;
				TARGETED_DEVICE_FAMILY = "1,2";
			};
			name = Debug;
		};
		17EA8F362630504F00DB0BE3 /* Release */ = {
			isa = XCBuildConfiguration;
			buildSettings = {
				ASSETCATALOG_COMPILER_GLOBAL_ACCENT_COLOR_NAME = AccentColor;
				ASSETCATALOG_COMPILER_WIDGET_BACKGROUND_COLOR_NAME = WidgetBackground;
				CODE_SIGN_STYLE = Automatic;
				DEVELOPMENT_TEAM = ZUBT77449H;
				INFOPLIST_FILE = Widget/Info.plist;
				LD_RUNPATH_SEARCH_PATHS = (
					"$(inherited)",
					"@executable_path/Frameworks",
					"@executable_path/../../Frameworks",
				);
				PRODUCT_BUNDLE_IDENTIFIER = "t-osawa-009.SampleWidget.Widget";
				PRODUCT_NAME = "$(TARGET_NAME)";
				SKIP_INSTALL = YES;
				SWIFT_VERSION = 5.0;
				TARGETED_DEVICE_FAMILY = "1,2";
			};
			name = Release;
		};
/* End XCBuildConfiguration section */

/* Begin XCConfigurationList section */
		17EA8F042630502B00DB0BE3 /* Build configuration list for PBXProject "SampleWidget" */ = {
			isa = XCConfigurationList;
			buildConfigurations = (
				17EA8F1B2630502D00DB0BE3 /* Debug */,
				17EA8F1C2630502D00DB0BE3 /* Release */,
			);
			defaultConfigurationIsVisible = 0;
			defaultConfigurationName = Release;
		};
		17EA8F1D2630502D00DB0BE3 /* Build configuration list for PBXNativeTarget "SampleWidget" */ = {
			isa = XCConfigurationList;
			buildConfigurations = (
				17EA8F1E2630502D00DB0BE3 /* Debug */,
				17EA8F1F2630502D00DB0BE3 /* Release */,
			);
			defaultConfigurationIsVisible = 0;
			defaultConfigurationName = Release;
		};
		17EA8F342630504F00DB0BE3 /* Build configuration list for PBXNativeTarget "WidgetExtension" */ = {
			isa = XCConfigurationList;
			buildConfigurations = (
				17EA8F352630504F00DB0BE3 /* Debug */,
				17EA8F362630504F00DB0BE3 /* Release */,
			);
			defaultConfigurationIsVisible = 0;
			defaultConfigurationName = Release;
		};
/* End XCConfigurationList section */
	};
	rootObject = 17EA8F012630502B00DB0BE3 /* Project object */;
}
